# This file was autogenerated by uv via the following command:
#    uv pip compile --prerelease=allow requirements.workspace.txt -o requirements.workspace.lock
agent-framework-azure-ai==1.0.0b251120
    # via -r n00t/requirements.txt
agent-framework-core==1.0.0b251120
    # via agent-framework-azure-ai
aiohappyeyeballs==2.6.1
    # via aiohttp
aiohttp==3.13.2
    # via
    #   agent-framework-azure-ai
    #   azure-ai-evaluation
aiosignal==1.4.0
    # via aiohttp
annotated-types==0.7.0
    # via pydantic
annoy==1.17.3
    # via -r n00clear-fusion/requirements.txt
ansicolors==1.1.8
    # via papermill
anyio==4.12.0
    # via
    #   -r n00t/requirements.txt
    #   httpx
    #   jupyter-server
    #   mcp
    #   openai
    #   sse-starlette
    #   starlette
appnope==0.1.4
    # via ipykernel
argon2-cffi==25.1.0
    # via jupyter-server
argon2-cffi-bindings==25.1.0
    # via argon2-cffi
arrow==1.4.0
    # via
    #   cookiecutter
    #   isoduration
asttokens==3.0.1
    # via stack-data
async-lru==2.0.5
    # via jupyterlab
attrs==25.4.0
    # via
    #   aiohttp
    #   cyclopts
    #   jsonschema
    #   referencing
authlib==1.6.5
    # via fastmcp
azure-ai-agents==1.2.0b5
    # via agent-framework-azure-ai
azure-ai-evaluation==1.13.7
    # via -r n00t/requirements.txt
azure-ai-projects==2.0.0b2
    # via agent-framework-azure-ai
azure-core==1.36.0
    # via
    #   azure-ai-agents
    #   azure-ai-evaluation
    #   azure-ai-projects
    #   azure-identity
    #   azure-storage-blob
    #   msrest
azure-identity==1.26.0b1
    # via
    #   -r n00t/requirements.txt
    #   agent-framework-core
    #   azure-ai-evaluation
azure-storage-blob==12.27.1
    # via
    #   azure-ai-evaluation
    #   azure-ai-projects
babel==2.17.0
    # via
    #   jupyterlab-server
    #   mkdocs-material
backrefs==6.1
    # via mkdocs-material
beartype==0.22.7
    # via
    #   py-key-value-aio
    #   py-key-value-shared
beautifulsoup4==4.14.3
    # via nbconvert
binaryornot==0.4.4
    # via cookiecutter
bleach==6.3.0
    # via nbconvert
boolean-py==5.0
    # via license-expression
brotli==1.2.0
    # via fonttools
cachecontrol==0.14.4
    # via pip-audit
cachetools==6.2.2
    # via py-key-value-aio
certifi==2025.11.12
    # via
    #   httpcore
    #   httpx
    #   msrest
    #   requests
cffi==2.0.0
    # via
    #   argon2-cffi-bindings
    #   cryptography
    #   weasyprint
chardet==5.2.0
    # via binaryornot
charset-normalizer==3.4.4
    # via
    #   pdfminer-six
    #   requests
click==8.3.1
    # via
    #   cookiecutter
    #   mkdocs
    #   nltk
    #   papermill
    #   uvicorn
colorama==0.4.6
    # via mkdocs-material
coloredlogs==15.0.1
    # via onnxruntime
comm==0.2.3
    # via
    #   ipykernel
    #   ipywidgets
contourpy==1.3.3
    # via matplotlib
cookiecutter==2.6.0
    # via
    #   -r n00-frontiers/requirements.txt
    #   pytest-cookies
coverage==7.12.1b1
    # via pytest-cov
cryptography==46.0.3
    # via
    #   authlib
    #   azure-identity
    #   azure-storage-blob
    #   msal
    #   pdfminer-six
    #   pyjwt
cssselect2==0.8.0
    # via weasyprint
cycler==0.12.1
    # via matplotlib
cyclonedx-python-lib==9.1.1rc1
    # via pip-audit
cyclopts==5.0.0a1
    # via fastmcp
debugpy==1.8.17
    # via ipykernel
decorator==5.2.1
    # via ipython
defusedxml==0.7.1
    # via
    #   nbconvert
    #   py-serializable
    #   python-doctr
diskcache==5.6.3
    # via py-key-value-aio
distro==1.9.0
    # via openai
dnspython==2.8.0
    # via email-validator
docstring-parser==0.17.0
    # via cyclopts
email-validator==2.3.0
    # via pydantic
entrypoints==0.4
    # via papermill
exceptiongroup==1.3.1
    # via fastmcp
execnet==2.1.2
    # via pytest-xdist
executing==2.2.1
    # via stack-data
fastembed==0.3.6
    # via -r n00clear-fusion/requirements.txt
fastjsonschema==2.21.2
    # via nbformat
fastmcp==2.13.2
    # via -r n00tropic/requirements.txt
filelock==3.20.0
    # via
    #   cachecontrol
    #   huggingface-hub
    #   torch
flatbuffers==25.9.23
    # via onnxruntime
fonttools==4.61.0
    # via
    #   matplotlib
    #   weasyprint
fqdn==1.5.1
    # via jsonschema
frozenlist==1.8.0
    # via
    #   aiohttp
    #   aiosignal
fsspec==2025.10.0
    # via
    #   huggingface-hub
    #   torch
ghp-import==2.1.0
    # via
    #   -r n00-frontiers/requirements.txt
    #   mkdocs
googleapis-common-protos==1.72.0
    # via
    #   opentelemetry-exporter-otlp-proto-grpc
    #   opentelemetry-exporter-otlp-proto-http
grpcio==1.76.0
    # via opentelemetry-exporter-otlp-proto-grpc
h11==0.16.0
    # via
    #   httpcore
    #   uvicorn
h5py==3.15.1
    # via python-doctr
hf-xet==1.2.1rc0
    # via huggingface-hub
httpcore==1.0.9
    # via httpx
httpx==0.28.1
    # via
    #   -r n00t/requirements.txt
    #   azure-ai-evaluation
    #   fastmcp
    #   jupyterlab
    #   mcp
    #   openai
httpx-sse==0.4.3
    # via mcp
huggingface-hub==0.36.0
    # via
    #   fastembed
    #   python-doctr
    #   tokenizers
humanfriendly==10.0
    # via coloredlogs
idna==3.11
    # via
    #   anyio
    #   email-validator
    #   httpx
    #   jsonschema
    #   requests
    #   yarl
importlib-metadata==8.7.0
    # via
    #   opentelemetry-api
    #   python-doctr
iniconfig==2.3.0
    # via pytest
ipykernel==7.1.0
    # via
    #   jupyter
    #   jupyter-book
    #   jupyter-console
    #   jupyterlab
    #   nbmake
ipython==9.7.0
    # via
    #   ipykernel
    #   ipywidgets
    #   jupyter-console
ipython-pygments-lexers==1.1.1
    # via ipython
ipywidgets==8.1.8
    # via jupyter
isodate==0.7.2
    # via
    #   azure-ai-agents
    #   azure-ai-projects
    #   azure-storage-blob
    #   msrest
isoduration==20.11.0
    # via jsonschema
jedi==0.19.2
    # via ipython
jinja2==3.1.6
    # via
    #   azure-ai-evaluation
    #   cookiecutter
    #   jupyter-server
    #   jupyterlab
    #   jupyterlab-server
    #   mkdocs
    #   mkdocs-material
    #   nbconvert
    #   torch
jiter==0.12.0
    # via openai
joblib==1.5.2
    # via nltk
json5==0.12.1
    # via jupyterlab-server
jsonpointer==3.0.0
    # via jsonschema
jsonschema==4.25.1
    # via
    #   -r n00-frontiers/requirements.txt
    #   -r n00-school/requirements.txt
    #   -r n00tropic/requirements.txt
    #   jupyter-events
    #   jupyterlab-server
    #   mcp
    #   nbformat
jsonschema-path==0.4.0b1
    # via fastmcp
jsonschema-specifications==2025.9.1
    # via jsonschema
jupyter==1.1.1
    # via -r n00-frontiers/requirements.txt
jupyter-book==2.0.2
    # via -r n00-frontiers/requirements.txt
jupyter-client==8.6.3
    # via
    #   ipykernel
    #   jupyter-console
    #   jupyter-server
    #   nbclient
jupyter-console==6.6.3
    # via jupyter
jupyter-core==5.9.1
    # via
    #   ipykernel
    #   jupyter-book
    #   jupyter-client
    #   jupyter-console
    #   jupyter-server
    #   jupyterlab
    #   nbclient
    #   nbconvert
    #   nbformat
jupyter-events==0.12.0
    # via jupyter-server
jupyter-lsp==2.3.0
    # via jupyterlab
jupyter-server==2.17.0
    # via
    #   jupyter-book
    #   jupyter-lsp
    #   jupyterlab
    #   jupyterlab-server
    #   notebook
    #   notebook-shim
jupyter-server-terminals==0.5.3
    # via jupyter-server
jupyterlab==4.5.0
    # via
    #   jupyter
    #   notebook
jupyterlab-pygments==0.3.0
    # via nbconvert
jupyterlab-server==2.28.0
    # via
    #   jupyterlab
    #   notebook
jupyterlab-widgets==3.0.16
    # via ipywidgets
jupytext==1.18.1
    # via -r n00-frontiers/requirements.txt
kiwisolver==1.4.10rc0
    # via matplotlib
langdetect==1.0.9
    # via python-doctr
lark==1.3.1
    # via rfc3987-syntax
license-expression==30.4.4
    # via cyclonedx-python-lib
loguru==0.7.3
    # via fastembed
lxml==6.0.2
    # via python-docx
markdown==3.10
    # via
    #   mkdocs
    #   mkdocs-material
    #   pymdown-extensions
markdown-it-py==4.0.0
    # via
    #   jupytext
    #   mdit-py-plugins
    #   rich
markupsafe==3.0.3
    # via
    #   jinja2
    #   mkdocs
    #   nbconvert
matplotlib==3.10.7
    # via
    #   mplcursors
    #   python-doctr
matplotlib-inline==0.2.1
    # via
    #   ipykernel
    #   ipython
mcp==1.23.0
    # via
    #   -r mcp/docs_server/requirements.txt
    #   -r n00t/requirements.txt
    #   agent-framework-core
    #   fastmcp
mdit-py-plugins==0.5.0
    # via jupytext
mdurl==0.1.2
    # via markdown-it-py
mergedeep==1.3.4
    # via
    #   mkdocs
    #   mkdocs-get-deps
mistune==3.1.4
    # via nbconvert
mkdocs==1.6.1
    # via
    #   -r n00t/requirements-dev.txt
    #   mkdocs-material
mkdocs-get-deps==0.2.0
    # via mkdocs
mkdocs-material==9.7.0
    # via -r n00t/requirements-dev.txt
mkdocs-material-extensions==1.3.1
    # via mkdocs-material
ml-dtypes==0.5.4
    # via onnx
mmh3==4.1.0
    # via fastembed
mplcursors==0.7
    # via python-doctr
mpmath==1.3.0
    # via sympy
msal==1.34.0
    # via
    #   azure-identity
    #   msal-extensions
msal-extensions==1.3.1
    # via azure-identity
msgpack==1.1.2
    # via cachecontrol
msrest==0.7.1
    # via azure-ai-evaluation
multidict==6.7.0
    # via
    #   aiohttp
    #   yarl
mypy==1.18.2
    # via
    #   -r n00-frontiers/requirements.txt
    #   -r n00t/requirements-dev.txt
mypy-extensions==1.1.0
    # via mypy
nbclient==0.10.2
    # via
    #   nbconvert
    #   nbmake
    #   papermill
nbconvert==7.16.6
    # via
    #   jupyter
    #   jupyter-server
nbformat==5.10.4
    # via
    #   jupyter-server
    #   jupytext
    #   nbclient
    #   nbconvert
    #   nbmake
    #   nbstripout
    #   papermill
nbmake==1.5.5
    # via -r n00-frontiers/requirements.txt
nbstripout==0.8.1
    # via -r n00-frontiers/requirements.txt
nest-asyncio==1.6.0
    # via ipykernel
networkx==3.6
    # via torch
nltk==3.9.2
    # via azure-ai-evaluation
nodeenv==1.9.1
    # via jupyter-book
notebook==7.5.0
    # via jupyter
notebook-shim==0.2.4
    # via
    #   jupyterlab
    #   notebook
numpy==1.26.4
    # via
    #   contourpy
    #   fastembed
    #   h5py
    #   matplotlib
    #   ml-dtypes
    #   onnx
    #   onnxruntime
    #   opencv-python
    #   pandas
    #   python-doctr
    #   scipy
    #   shapely
    #   torchvision
oauthlib==3.3.1
    # via requests-oauthlib
onnx==1.20.0
    # via
    #   fastembed
    #   python-doctr
onnxruntime==1.24.0.dev20251031003
    # via fastembed
openai==2.8.1
    # via
    #   agent-framework-core
    #   azure-ai-evaluation
openapi-pydantic==0.5.1
    # via fastmcp
opencv-python==4.11.0.86
    # via python-doctr
opentelemetry-api==1.38.0
    # via
    #   -r n00clear-fusion/requirements.txt
    #   -r n00t/requirements.txt
    #   agent-framework-core
    #   opentelemetry-exporter-otlp-proto-grpc
    #   opentelemetry-exporter-otlp-proto-http
    #   opentelemetry-instrumentation
    #   opentelemetry-sdk
    #   opentelemetry-semantic-conventions
opentelemetry-exporter-otlp==1.38.0
    # via -r n00t/requirements.txt
opentelemetry-exporter-otlp-proto-common==1.38.0
    # via
    #   opentelemetry-exporter-otlp-proto-grpc
    #   opentelemetry-exporter-otlp-proto-http
opentelemetry-exporter-otlp-proto-grpc==1.38.0
    # via
    #   -r n00clear-fusion/requirements.txt
    #   agent-framework-core
    #   opentelemetry-exporter-otlp
opentelemetry-exporter-otlp-proto-http==1.38.0
    # via opentelemetry-exporter-otlp
opentelemetry-instrumentation==0.59b0
    # via -r n00t/requirements.txt
opentelemetry-proto==1.38.0
    # via
    #   opentelemetry-exporter-otlp-proto-common
    #   opentelemetry-exporter-otlp-proto-grpc
    #   opentelemetry-exporter-otlp-proto-http
opentelemetry-sdk==1.38.0
    # via
    #   -r n00clear-fusion/requirements.txt
    #   -r n00t/requirements.txt
    #   agent-framework-core
    #   opentelemetry-exporter-otlp-proto-grpc
    #   opentelemetry-exporter-otlp-proto-http
opentelemetry-semantic-conventions==0.59b0
    # via
    #   opentelemetry-instrumentation
    #   opentelemetry-sdk
opentelemetry-semantic-conventions-ai==0.4.13
    # via agent-framework-core
overrides==7.7.0
    # via jupyter-server
packageurl-python==0.17.6
    # via cyclonedx-python-lib
packaging==25.0
    # via
    #   agent-framework-core
    #   huggingface-hub
    #   ipykernel
    #   jupyter-events
    #   jupyter-server
    #   jupyterlab
    #   jupyterlab-server
    #   jupytext
    #   matplotlib
    #   mkdocs
    #   nbconvert
    #   onnxruntime
    #   opentelemetry-instrumentation
    #   pip-audit
    #   pip-requirements-parser
    #   pytesseract
    #   pytest
paginate==0.5.7
    # via mkdocs-material
pandas==2.3.3
    # via
    #   -r n00-cortex/requirements.txt
    #   -r n00clear-fusion/requirements.txt
    #   azure-ai-evaluation
pandocfilters==1.5.1
    # via nbconvert
papermill==2.6.0
    # via -r n00-frontiers/requirements.txt
parso==0.8.5
    # via jedi
pathable==0.5.0b2
    # via jsonschema-path
pathspec==0.12.1
    # via
    #   mkdocs
    #   mypy
pathvalidate==3.3.1
    # via py-key-value-aio
pdfminer-six==20251107
    # via pdfplumber
pdfplumber==0.11.8
    # via
    #   -r n00-cortex/requirements.txt
    #   -r n00clear-fusion/requirements.txt
pexpect==4.9.0
    # via ipython
pillow==10.4.0
    # via
    #   fastembed
    #   matplotlib
    #   pdfplumber
    #   pytesseract
    #   python-doctr
    #   torchvision
    #   weasyprint
pip==25.3
    # via pip-api
pip-api==0.0.34
    # via pip-audit
pip-audit==2.9.0
    # via -r n00-frontiers/requirements.txt
pip-licenses==5.5.0
    # via -r n00-frontiers/requirements.txt
pip-requirements-parser==32.0.1
    # via pip-audit
platformdirs==4.5.0
    # via
    #   fastmcp
    #   jupyter-book
    #   jupyter-core
    #   mkdocs-get-deps
    #   pip-audit
pluggy==1.6.0
    # via
    #   pytest
    #   pytest-cov
prettytable==3.17.0
    # via pip-licenses
prometheus-client==0.23.1
    # via jupyter-server
prompt-toolkit==3.0.52
    # via
    #   ipython
    #   jupyter-console
propcache==0.4.1
    # via
    #   aiohttp
    #   yarl
protobuf==6.33.1
    # via
    #   googleapis-common-protos
    #   onnx
    #   onnxruntime
    #   opentelemetry-proto
psutil==7.1.3
    # via ipykernel
ptyprocess==0.7.0
    # via
    #   pexpect
    #   terminado
pure-eval==0.2.3
    # via stack-data
py-key-value-aio==0.3.0
    # via fastmcp
py-key-value-shared==0.3.0
    # via py-key-value-aio
py-serializable==2.1.0
    # via cyclonedx-python-lib
pyarrow==18.0.0
    # via
    #   -r n00-cortex/requirements.txt
    #   -r n00clear-fusion/requirements.txt
pyclipper==1.4.0
    # via python-doctr
pycparser==2.23
    # via cffi
pydantic==2.12.5
    # via
    #   -r n00t/requirements.txt
    #   agent-framework-core
    #   fastmcp
    #   mcp
    #   openai
    #   openapi-pydantic
    #   pydantic-settings
pydantic-core==2.41.5
    # via pydantic
pydantic-settings==2.12.0
    # via
    #   agent-framework-core
    #   mcp
pydyf==0.12.1
    # via weasyprint
pygments==2.19.2
    # via
    #   ipython
    #   ipython-pygments-lexers
    #   jupyter-console
    #   mkdocs-material
    #   nbconvert
    #   nbmake
    #   pytest
    #   rich
pyjwt==2.10.1
    # via
    #   azure-ai-evaluation
    #   mcp
    #   msal
pymdown-extensions==10.17.2
    # via mkdocs-material
pymupdf==1.24.10
    # via
    #   -r n00-cortex/requirements.txt
    #   -r n00clear-fusion/requirements.txt
pymupdfb==1.24.10
    # via pymupdf
pyparsing==3.3.0b1
    # via
    #   matplotlib
    #   pip-requirements-parser
pypdf==6.4.0
    # via
    #   -r n00-cortex/requirements.txt
    #   -r n00clear-fusion/requirements.txt
pypdfium2==4.30.0
    # via
    #   pdfplumber
    #   python-doctr
pyperclip==1.11.0
    # via fastmcp
pyphen==0.17.2
    # via weasyprint
pyrsistent==0.20.0
    # via
    #   jsonschema-path
    #   pathable
pystemmer==2.2.0.3
    # via fastembed
pytesseract==0.3.13
    # via -r n00clear-fusion/requirements.txt
pytest==9.0.0
    # via
    #   -r n00-frontiers/requirements.txt
    #   -r n00-school/requirements.txt
    #   -r n00t/requirements-dev.txt
    #   nbmake
    #   pytest-asyncio
    #   pytest-cookies
    #   pytest-cov
    #   pytest-xdist
pytest-asyncio==1.3.0
    # via
    #   -r n00-school/requirements.txt
    #   -r n00t/requirements-dev.txt
pytest-cookies==0.7.0
    # via -r n00-frontiers/requirements.txt
pytest-cov==7.0.0
    # via -r n00t/requirements-dev.txt
pytest-xdist==3.8.0
    # via -r n00-frontiers/requirements.txt
python-dateutil==2.9.0.post0
    # via
    #   arrow
    #   ghp-import
    #   jupyter-client
    #   matplotlib
    #   pandas
python-doctr==0.8.1
    # via -r n00clear-fusion/requirements-doctr.txt
python-docx==1.2.0
    # via
    #   -r n00-cortex/requirements.txt
    #   -r n00clear-fusion/requirements.txt
python-dotenv==1.2.1
    # via
    #   fastmcp
    #   pydantic-settings
python-json-logger==4.0.0
    # via jupyter-events
python-multipart==0.0.20
    # via mcp
python-slugify==8.0.4
    # via cookiecutter
pytz==2025.2
    # via pandas
pyyaml==6.0.3
    # via
    #   -r n00-cortex/requirements.txt
    #   -r n00-frontiers/requirements.txt
    #   -r n00-school/requirements.txt
    #   -r n00clear-fusion/requirements.txt
    #   -r n00tropic/requirements.txt
    #   cookiecutter
    #   huggingface-hub
    #   jsonschema-path
    #   jupyter-events
    #   jupytext
    #   mkdocs
    #   mkdocs-get-deps
    #   papermill
    #   pymdown-extensions
    #   pyyaml-env-tag
pyyaml-env-tag==1.1
    # via mkdocs
pyzmq==27.1.0
    # via
    #   ipykernel
    #   jupyter-client
    #   jupyter-console
    #   jupyter-server
rapidfuzz==3.14.3
    # via python-doctr
referencing==0.36.2
    # via
    #   jsonschema
    #   jsonschema-path
    #   jsonschema-specifications
    #   jupyter-events
regex==2025.11.3
    # via nltk
requests==2.32.5
    # via
    #   -r n00-frontiers/requirements.txt
    #   -r n00clear-fusion/requirements.txt
    #   -r n00tropic/requirements.txt
    #   azure-core
    #   cachecontrol
    #   cookiecutter
    #   fastembed
    #   huggingface-hub
    #   jupyterlab-server
    #   mkdocs-material
    #   msal
    #   msrest
    #   opentelemetry-exporter-otlp-proto-http
    #   papermill
    #   pip-audit
    #   requests-oauthlib
requests-oauthlib==2.0.0
    # via msrest
rfc3339-validator==0.1.4
    # via
    #   jsonschema
    #   jupyter-events
rfc3986-validator==0.1.1
    # via
    #   jsonschema
    #   jupyter-events
rfc3987-syntax==1.1.0
    # via jsonschema
rich==14.2.0
    # via
    #   cookiecutter
    #   cyclopts
    #   fastmcp
    #   pip-audit
rpds-py==0.30.0
    # via
    #   jsonschema
    #   referencing
ruamel-yaml==0.18.16
    # via azure-ai-evaluation
ruamel-yaml-clib==0.2.15
    # via ruamel-yaml
ruff==0.14.7
    # via -r n00t/requirements-dev.txt
scipy==1.16.3
    # via python-doctr
send2trash==1.8.3
    # via jupyter-server
setuptools==80.9.0
    # via jupyterlab
shapely==2.1.2
    # via python-doctr
six==1.17.0
    # via
    #   langdetect
    #   python-dateutil
    #   rfc3339-validator
sniffio==1.3.1
    # via openai
snowballstemmer==2.2.0
    # via fastembed
sortedcontainers==2.4.0
    # via cyclonedx-python-lib
soupsieve==2.8
    # via beautifulsoup4
sse-starlette==3.0.3
    # via mcp
stack-data==0.6.3
    # via ipython
starlette==0.50.0
    # via mcp
sympy==1.14.0
    # via
    #   onnxruntime
    #   torch
tenacity==9.1.2
    # via papermill
terminado==0.18.1
    # via
    #   jupyter-server
    #   jupyter-server-terminals
text-unidecode==1.3
    # via python-slugify
tinycss2==1.4.0
    # via
    #   bleach
    #   cssselect2
    #   weasyprint
tinyhtml5==2.0.0
    # via weasyprint
tokenizers==0.22.2rc0
    # via fastembed
toml==0.10.2
    # via pip-audit
torch==2.9.1
    # via
    #   python-doctr
    #   torchvision
torchvision==0.24.1
    # via python-doctr
tornado==6.5.2
    # via
    #   ipykernel
    #   jupyter-client
    #   jupyter-server
    #   jupyterlab
    #   notebook
    #   terminado
tqdm==4.66.5
    # via
    #   -r n00clear-fusion/requirements.txt
    #   fastembed
    #   huggingface-hub
    #   nltk
    #   openai
    #   papermill
    #   python-doctr
traitlets==5.14.3
    # via
    #   ipykernel
    #   ipython
    #   ipywidgets
    #   jupyter-client
    #   jupyter-console
    #   jupyter-core
    #   jupyter-events
    #   jupyter-server
    #   jupyterlab
    #   matplotlib-inline
    #   nbclient
    #   nbconvert
    #   nbformat
types-pyyaml==6.0.12.20250915
    # via -r n00t/requirements-dev.txt
typing-extensions==4.15.0
    # via
    #   agent-framework-core
    #   aiosignal
    #   anyio
    #   azure-ai-agents
    #   azure-ai-projects
    #   azure-core
    #   azure-identity
    #   azure-storage-blob
    #   beautifulsoup4
    #   exceptiongroup
    #   grpcio
    #   huggingface-hub
    #   ipython
    #   mcp
    #   mypy
    #   onnx
    #   openai
    #   opentelemetry-api
    #   opentelemetry-exporter-otlp-proto-grpc
    #   opentelemetry-exporter-otlp-proto-http
    #   opentelemetry-sdk
    #   opentelemetry-semantic-conventions
    #   py-key-value-shared
    #   pydantic
    #   pydantic-core
    #   pytest-asyncio
    #   python-docx
    #   referencing
    #   starlette
    #   torch
    #   typing-inspection
typing-inspection==0.4.2
    # via
    #   mcp
    #   pydantic
    #   pydantic-settings
tzdata==2025.2
    # via
    #   arrow
    #   pandas
unidecode==1.4.0
    # via python-doctr
uri-template==1.3.0
    # via jsonschema
urllib3==2.5.0
    # via requests
uvicorn==0.38.0
    # via
    #   fastmcp
    #   mcp
watchdog==6.0.0
    # via mkdocs
wcwidth==0.2.14
    # via
    #   prettytable
    #   prompt-toolkit
weasyprint==66.0
    # via python-doctr
webcolors==25.10.0
    # via jsonschema
webencodings==0.5.1
    # via
    #   bleach
    #   cssselect2
    #   tinycss2
    #   tinyhtml5
websocket-client==1.9.0
    # via jupyter-server
websockets==15.0.1
    # via
    #   -r n00t/requirements.txt
    #   fastmcp
    #   mcp
widgetsnbextension==4.0.15
    # via ipywidgets
wrapt==1.17.3
    # via opentelemetry-instrumentation
yarl==1.22.0
    # via aiohttp
zipp==3.23.0
    # via importlib-metadata
zopfli==0.4.0
    # via fonttools
