# This file was autogenerated by uv via the following command:
#    uv pip compile requirements.workspace.txt -o requirements.workspace.lock
annotated-types==0.7.0
    # via pydantic
ansicolors==1.1.8
    # via papermill
anyio==4.11.0
    # via
    #   httpx
    #   jupyter-server
    #   mcp
    #   sse-starlette
    #   starlette
appnope==0.1.4
    # via ipykernel
argon2-cffi==25.1.0
    # via jupyter-server
argon2-cffi-bindings==25.1.0
    # via argon2-cffi
arrow==1.4.0
    # via
    #   cookiecutter
    #   isoduration
asttokens==3.0.1
    # via stack-data
async-lru==2.0.5
    # via jupyterlab
attrs==25.4.0
    # via
    #   cyclopts
    #   jsonschema
    #   referencing
authlib==1.6.5
    # via fastmcp
babel==2.17.0
    # via jupyterlab-server
beartype==0.22.6
    # via
    #   py-key-value-aio
    #   py-key-value-shared
beautifulsoup4==4.14.2
    # via nbconvert
binaryornot==0.4.4
    # via cookiecutter
bleach==6.3.0
    # via nbconvert
boolean-py==5.0
    # via license-expression
cachecontrol==0.14.4
    # via pip-audit
cachetools==6.2.2
    # via py-key-value-aio
certifi==2025.11.12
    # via
    #   httpcore
    #   httpx
    #   requests
cffi==2.0.0
    # via
    #   argon2-cffi-bindings
    #   cryptography
chardet==5.2.0
    # via binaryornot
charset-normalizer==3.4.4
    # via requests
click==8.3.1
    # via
    #   cookiecutter
    #   papermill
    #   uvicorn
comm==0.2.3
    # via
    #   ipykernel
    #   ipywidgets
cookiecutter==2.6.0
    # via
    #   -r n00-frontiers/requirements.txt
    #   pytest-cookies
cryptography==46.0.3
    # via
    #   authlib
    #   pyjwt
cyclonedx-python-lib==9.1.0
    # via pip-audit
cyclopts==4.2.5
    # via fastmcp
debugpy==1.8.17
    # via ipykernel
decorator==5.2.1
    # via ipython
defusedxml==0.7.1
    # via
    #   nbconvert
    #   py-serializable
diskcache==5.6.3
    # via py-key-value-aio
dnspython==2.8.0
    # via email-validator
docstring-parser==0.17.0
    # via cyclopts
docutils==0.22.3
    # via rich-rst
email-validator==2.3.0
    # via pydantic
entrypoints==0.4
    # via papermill
exceptiongroup==1.3.1
    # via fastmcp
execnet==2.1.2
    # via pytest-xdist
executing==2.2.1
    # via stack-data
fastjsonschema==2.21.2
    # via nbformat
fastmcp==2.13.1
    # via -r n00tropic/requirements.txt
filelock==3.20.0
    # via cachecontrol
fqdn==1.5.1
    # via jsonschema
ghp-import==2.1.0
    # via -r n00-frontiers/requirements.txt
h11==0.16.0
    # via
    #   httpcore
    #   uvicorn
httpcore==1.0.9
    # via httpx
httpx==0.28.1
    # via
    #   fastmcp
    #   jupyterlab
    #   mcp
httpx-sse==0.4.3
    # via mcp
idna==3.11
    # via
    #   anyio
    #   email-validator
    #   httpx
    #   jsonschema
    #   requests
iniconfig==2.3.0
    # via pytest
ipykernel==7.1.0
    # via
    #   jupyter
    #   jupyter-book
    #   jupyter-console
    #   jupyterlab
    #   nbmake
ipython==9.7.0
    # via
    #   ipykernel
    #   ipywidgets
    #   jupyter-console
ipython-pygments-lexers==1.1.1
    # via ipython
ipywidgets==8.1.8
    # via jupyter
isoduration==20.11.0
    # via jsonschema
jaraco-classes==3.4.0
    # via keyring
jaraco-context==6.0.1
    # via keyring
jaraco-functools==4.3.0
    # via keyring
jedi==0.19.2
    # via ipython
jinja2==3.1.6
    # via
    #   cookiecutter
    #   jupyter-server
    #   jupyterlab
    #   jupyterlab-server
    #   nbconvert
json5==0.12.1
    # via jupyterlab-server
jsonpointer==3.0.0
    # via jsonschema
jsonschema==4.25.1
    # via
    #   -r n00-frontiers/requirements.txt
    #   -r n00tropic/requirements.txt
    #   jupyter-events
    #   jupyterlab-server
    #   mcp
    #   nbformat
jsonschema-path==0.3.4
    # via fastmcp
jsonschema-specifications==2025.9.1
    # via jsonschema
jupyter==1.1.1
    # via -r n00-frontiers/requirements.txt
jupyter-book==2.0.2
    # via -r n00-frontiers/requirements.txt
jupyter-client==8.6.3
    # via
    #   ipykernel
    #   jupyter-console
    #   jupyter-server
    #   nbclient
jupyter-console==6.6.3
    # via jupyter
jupyter-core==5.9.1
    # via
    #   ipykernel
    #   jupyter-book
    #   jupyter-client
    #   jupyter-console
    #   jupyter-server
    #   jupyterlab
    #   nbclient
    #   nbconvert
    #   nbformat
jupyter-events==0.12.0
    # via jupyter-server
jupyter-lsp==2.3.0
    # via jupyterlab
jupyter-server==2.17.0
    # via
    #   jupyter-book
    #   jupyter-lsp
    #   jupyterlab
    #   jupyterlab-server
    #   notebook
    #   notebook-shim
jupyter-server-terminals==0.5.3
    # via jupyter-server
jupyterlab==4.5.0
    # via
    #   jupyter
    #   notebook
jupyterlab-pygments==0.3.0
    # via nbconvert
jupyterlab-server==2.28.0
    # via
    #   jupyterlab
    #   notebook
jupyterlab-widgets==3.0.16
    # via ipywidgets
jupytext==1.18.1
    # via -r n00-frontiers/requirements.txt
keyring==25.7.0
    # via py-key-value-aio
lark==1.3.1
    # via rfc3987-syntax
license-expression==30.4.4
    # via cyclonedx-python-lib
markdown-it-py==4.0.0
    # via
    #   jupytext
    #   mdit-py-plugins
    #   rich
markupsafe==3.0.3
    # via
    #   jinja2
    #   nbconvert
matplotlib-inline==0.2.1
    # via
    #   ipykernel
    #   ipython
mcp==1.22.0
    # via
    #   -r mcp/docs_server/requirements.txt
    #   fastmcp
mdit-py-plugins==0.5.0
    # via jupytext
mdurl==0.1.2
    # via markdown-it-py
mistune==3.1.4
    # via nbconvert
more-itertools==10.8.0
    # via
    #   jaraco-classes
    #   jaraco-functools
msgpack==1.1.2
    # via cachecontrol
mypy==1.18.2
    # via -r n00-frontiers/requirements.txt
mypy-extensions==1.1.0
    # via mypy
nbclient==0.10.2
    # via
    #   nbconvert
    #   nbmake
    #   papermill
nbconvert==7.16.6
    # via
    #   jupyter
    #   jupyter-server
nbformat==5.10.4
    # via
    #   jupyter-server
    #   jupytext
    #   nbclient
    #   nbconvert
    #   nbmake
    #   nbstripout
    #   papermill
nbmake==1.5.5
    # via -r n00-frontiers/requirements.txt
nbstripout==0.8.1
    # via -r n00-frontiers/requirements.txt
nest-asyncio==1.6.0
    # via ipykernel
nodeenv==1.9.1
    # via jupyter-book
notebook==7.5.0
    # via jupyter
notebook-shim==0.2.4
    # via
    #   jupyterlab
    #   notebook
openapi-pydantic==0.5.1
    # via fastmcp
packageurl-python==0.17.5
    # via cyclonedx-python-lib
packaging==25.0
    # via
    #   ipykernel
    #   jupyter-events
    #   jupyter-server
    #   jupyterlab
    #   jupyterlab-server
    #   jupytext
    #   nbconvert
    #   pip-audit
    #   pip-requirements-parser
    #   pytest
pandocfilters==1.5.1
    # via nbconvert
papermill==2.6.0
    # via -r n00-frontiers/requirements.txt
parso==0.8.5
    # via jedi
pathable==0.4.4
    # via jsonschema-path
pathspec==0.12.1
    # via mypy
pathvalidate==3.3.1
    # via py-key-value-aio
pexpect==4.9.0
    # via ipython
pip==25.3
    # via pip-api
pip-api==0.0.34
    # via pip-audit
pip-audit==2.9.0
    # via -r n00-frontiers/requirements.txt
pip-licenses==5.5.0
    # via -r n00-frontiers/requirements.txt
pip-requirements-parser==32.0.1
    # via pip-audit
platformdirs==4.5.0
    # via
    #   fastmcp
    #   jupyter-book
    #   jupyter-core
    #   pip-audit
pluggy==1.6.0
    # via pytest
prettytable==3.17.0
    # via pip-licenses
prometheus-client==0.23.1
    # via jupyter-server
prompt-toolkit==3.0.52
    # via
    #   ipython
    #   jupyter-console
psutil==7.1.3
    # via ipykernel
ptyprocess==0.7.0
    # via
    #   pexpect
    #   terminado
pure-eval==0.2.3
    # via stack-data
py-key-value-aio==0.2.8
    # via fastmcp
py-key-value-shared==0.2.8
    # via py-key-value-aio
py-serializable==2.1.0
    # via cyclonedx-python-lib
pycparser==2.23
    # via cffi
pydantic==2.12.4
    # via
    #   fastmcp
    #   mcp
    #   openapi-pydantic
    #   pydantic-settings
pydantic-core==2.41.5
    # via pydantic
pydantic-settings==2.12.0
    # via mcp
pygments==2.19.2
    # via
    #   ipython
    #   ipython-pygments-lexers
    #   jupyter-console
    #   nbconvert
    #   nbmake
    #   pytest
    #   rich
pyjwt==2.10.1
    # via mcp
pyparsing==3.2.5
    # via pip-requirements-parser
pyperclip==1.11.0
    # via fastmcp
pytest==9.0.0
    # via
    #   -r n00-frontiers/requirements.txt
    #   -r n00-school/requirements.txt
    #   nbmake
    #   pytest-cookies
    #   pytest-xdist
pytest-cookies==0.7.0
    # via -r n00-frontiers/requirements.txt
pytest-xdist==3.8.0
    # via -r n00-frontiers/requirements.txt
python-dateutil==2.9.0.post0
    # via
    #   arrow
    #   ghp-import
    #   jupyter-client
python-dotenv==1.2.1
    # via
    #   fastmcp
    #   pydantic-settings
python-json-logger==4.0.0
    # via jupyter-events
python-multipart==0.0.20
    # via mcp
python-slugify==8.0.4
    # via cookiecutter
pyyaml==6.0.3
    # via
    #   -r n00-frontiers/requirements.txt
    #   -r n00-school/requirements.txt
    #   -r n00tropic/requirements.txt
    #   cookiecutter
    #   jsonschema-path
    #   jupyter-events
    #   jupytext
    #   papermill
pyzmq==27.1.0
    # via
    #   ipykernel
    #   jupyter-client
    #   jupyter-console
    #   jupyter-server
referencing==0.36.2
    # via
    #   jsonschema
    #   jsonschema-path
    #   jsonschema-specifications
    #   jupyter-events
requests==2.32.5
    # via
    #   -r n00tropic/requirements.txt
    #   cachecontrol
    #   cookiecutter
    #   jsonschema-path
    #   jupyterlab-server
    #   papermill
    #   pip-audit
rfc3339-validator==0.1.4
    # via
    #   jsonschema
    #   jupyter-events
rfc3986-validator==0.1.1
    # via
    #   jsonschema
    #   jupyter-events
rfc3987-syntax==1.1.0
    # via jsonschema
rich==14.2.0
    # via
    #   cookiecutter
    #   cyclopts
    #   fastmcp
    #   pip-audit
    #   rich-rst
rich-rst==1.3.2
    # via cyclopts
rpds-py==0.29.0
    # via
    #   jsonschema
    #   referencing
send2trash==1.8.3
    # via jupyter-server
setuptools==80.9.0
    # via jupyterlab
six==1.17.0
    # via
    #   python-dateutil
    #   rfc3339-validator
sniffio==1.3.1
    # via anyio
sortedcontainers==2.4.0
    # via cyclonedx-python-lib
soupsieve==2.8
    # via beautifulsoup4
sse-starlette==3.0.3
    # via mcp
stack-data==0.6.3
    # via ipython
starlette==0.50.0
    # via mcp
tenacity==9.1.2
    # via papermill
terminado==0.18.1
    # via
    #   jupyter-server
    #   jupyter-server-terminals
text-unidecode==1.3
    # via python-slugify
tinycss2==1.4.0
    # via bleach
toml==0.10.2
    # via pip-audit
tornado==6.5.2
    # via
    #   ipykernel
    #   jupyter-client
    #   jupyter-server
    #   jupyterlab
    #   notebook
    #   terminado
tqdm==4.67.1
    # via papermill
traitlets==5.14.3
    # via
    #   ipykernel
    #   ipython
    #   ipywidgets
    #   jupyter-client
    #   jupyter-console
    #   jupyter-core
    #   jupyter-events
    #   jupyter-server
    #   jupyterlab
    #   matplotlib-inline
    #   nbclient
    #   nbconvert
    #   nbformat
typing-extensions==4.15.0
    # via
    #   beautifulsoup4
    #   mcp
    #   mypy
    #   py-key-value-shared
    #   pydantic
    #   pydantic-core
    #   typing-inspection
typing-inspection==0.4.2
    # via
    #   mcp
    #   pydantic
    #   pydantic-settings
tzdata==2025.2
    # via arrow
uri-template==1.3.0
    # via jsonschema
urllib3==2.5.0
    # via requests
uvicorn==0.38.0
    # via
    #   fastmcp
    #   mcp
wcwidth==0.2.14
    # via
    #   prettytable
    #   prompt-toolkit
webcolors==25.10.0
    # via jsonschema
webencodings==0.5.1
    # via
    #   bleach
    #   tinycss2
websocket-client==1.9.0
    # via jupyter-server
websockets==15.0.1
    # via fastmcp
widgetsnbextension==4.0.15
    # via ipywidgets
